
Microsoft Visual Studio Solution File, Format Version 12.00
# Visual Studio Version 16
VisualStudioVersion = 16.0.30907.101
MinimumVisualStudioVersion = 10.0.40219.1
Project("{FAE04EC0-301F-11D3-BF4B-00C04F79EFBC}") = "FitnesCentre_lab_2_2", "FitnesCentre_lab_2_2.csproj", "{FFD2F311-3CE1-448A-9502-E583D212BD40}"
EndProject
Global
	GlobalSection(SolutionConfigurationPlatforms) = preSolution
		Debug|Any CPU = Debug|Any CPU
		Release|Any CPU = Release|Any CPU
	EndGlobalSection
	GlobalSection(ProjectConfigurationPlatforms) = postSolution
		{FFD2F311-3CE1-448A-9502-E583D212BD40}.Debug|Any CPU.ActiveCfg = Debug|Any CPU
		{FFD2F311-3CE1-448A-9502-E583D212BD40}.Debug|Any CPU.Build.0 = Debug|Any CPU
		{FFD2F311-3CE1-448A-9502-E583D212BD40}.Release|Any CPU.ActiveCfg = Release|Any CPU
		{FFD2F311-3CE1-448A-9502-E583D212BD40}.Release|Any CPU.Build.0 = Release|Any CPU
	EndGlobalSection
	GlobalSection(SolutionProperties) = preSolution
		HideSolutionNode = FALSE
	EndGlobalSection
	GlobalSection(ExtensibilityGlobals) = postSolution
		SolutionGuid = {861C70FA-C122-4140-BA62-DEF60A380DED}
	EndGlobalSection
EndGlobal
